{
  "name": "promtionNoticeSented",
  "version": "1.0.0",
  "lockfileVersion": 1,
  "requires": true,
  "dependencies": {
    "add-dom-event-listener": {
      "version": "1.0.2",
      "resolved": "http://registry.npm.taobao.org/add-dom-event-listener/download/add-dom-event-listener-1.0.2.tgz",
      "integrity": "sha1-j67SxBAIchzxEdodMNmVuFvkK+0=",
      "requires": {
        "object-assign": "4.1.1"
      }
    },
    "asap": {
      "version": "2.0.6",
      "resolved": "http://registry.npm.taobao.org/asap/download/asap-2.0.6.tgz",
      "integrity": "sha1-5QNHYR1+aQlDIIu9r+vLwvuGbUY="
    },
    "babel-polyfill": {
      "version": "6.26.0",
      "resolved": "http://registry.npm.taobao.org/babel-polyfill/download/babel-polyfill-6.26.0.tgz",
      "integrity": "sha1-N5k3q8Z9eJWXCtxiHyhM2WbPIVM=",
      "requires": {
        "babel-runtime": "6.26.0",
        "core-js": "2.5.5",
        "regenerator-runtime": "0.10.5"
      }
    },
    "babel-runtime": {
      "version": "6.26.0",
      "resolved": "http://registry.npm.taobao.org/babel-runtime/download/babel-runtime-6.26.0.tgz",
      "integrity": "sha1-llxwWGaOgrVde/4E/yM3vItWR/4=",
      "requires": {
        "core-js": "2.5.5",
        "regenerator-runtime": "0.11.1"
      },
      "dependencies": {
        "regenerator-runtime": {
          "version": "0.11.1",
          "resolved": "http://registry.npm.taobao.org/regenerator-runtime/download/regenerator-runtime-0.11.1.tgz",
          "integrity": "sha1-vgWtf5v30i4Fb5cmzuUBf78Z4uk="
        }
      }
    },
    "big.js": {
      "version": "5.0.3",
      "resolved": "http://registry.npm.taobao.org/big.js/download/big.js-5.0.3.tgz",
      "integrity": "sha1-lnn7CjWZp9PfOX+FXonE26AWlg4="
    },
    "classnames": {
      "version": "2.2.5",
      "resolved": "http://registry.npm.taobao.org/classnames/download/classnames-2.2.5.tgz",
      "integrity": "sha1-+zgB1FNGdknvNgPH1hoCvRKb3m0="
    },
    "component-classes": {
      "version": "1.2.6",
      "resolved": "http://registry.npm.taobao.org/component-classes/download/component-classes-1.2.6.tgz",
      "integrity": "sha1-xkI5TDYYpNiwuJGe/Mu9kw5c1pE=",
      "requires": {
        "component-indexof": "0.0.3"
      }
    },
    "component-indexof": {
      "version": "0.0.3",
      "resolved": "http://registry.npm.taobao.org/component-indexof/download/component-indexof-0.0.3.tgz",
      "integrity": "sha1-EdCRMSI5648yyPJa6csAL/6NPCQ="
    },
    "core-js": {
      "version": "2.5.5",
      "resolved": "http://registry.npm.taobao.org/core-js/download/core-js-2.5.5.tgz",
      "integrity": "sha1-sU3ek2xkDAV5prUMq8wTLdYSfjs="
    },
    "create-react-class": {
      "version": "15.6.3",
      "resolved": "http://registry.npm.taobao.org/create-react-class/download/create-react-class-15.6.3.tgz",
      "integrity": "sha1-LXMjf7P5cK5uvgEanmb0bbyoADY=",
      "requires": {
        "fbjs": "0.8.16",
        "loose-envify": "1.3.1",
        "object-assign": "4.1.1"
      }
    },
    "css-animation": {
      "version": "1.4.1",
      "resolved": "http://registry.npm.taobao.org/css-animation/download/css-animation-1.4.1.tgz",
      "integrity": "sha1-W4gTEl3g+7uwu+G0cq6EIhRpt6g=",
      "requires": {
        "babel-runtime": "6.26.0",
        "component-classes": "1.2.6"
      }
    },
    "dom-align": {
      "version": "1.6.7",
      "resolved": "http://registry.npm.taobao.org/dom-align/download/dom-align-1.6.7.tgz",
      "integrity": "sha1-aFgTjvtrd0Bc6ZFG0L5eT3KCgT8="
    },
    "encoding": {
      "version": "0.1.12",
      "resolved": "http://registry.npm.taobao.org/encoding/download/encoding-0.1.12.tgz",
      "integrity": "sha1-U4tm8+5izRq1HsMjgp0flIDHS+s=",
      "requires": {
        "iconv-lite": "0.4.22"
      }
    },
    "fbjs": {
      "version": "0.8.16",
      "resolved": "http://registry.npm.taobao.org/fbjs/download/fbjs-0.8.16.tgz",
      "integrity": "sha1-XmdDL1UNxBtXK/VYR7ispk5TN9s=",
      "requires": {
        "core-js": "1.2.7",
        "isomorphic-fetch": "2.2.1",
        "loose-envify": "1.3.1",
        "object-assign": "4.1.1",
        "promise": "7.3.1",
        "setimmediate": "1.0.5",
        "ua-parser-js": "0.7.18"
      },
      "dependencies": {
        "core-js": {
          "version": "1.2.7",
          "resolved": "http://registry.npm.taobao.org/core-js/download/core-js-1.2.7.tgz",
          "integrity": "sha1-ZSKUwUZR2yj6k70tX/KYOk8IxjY="
        }
      }
    },
    "hammerjs": {
      "version": "2.0.8",
      "resolved": "http://registry.npm.taobao.org/hammerjs/download/hammerjs-2.0.8.tgz",
      "integrity": "sha1-BO93hiz/K7edMPdpIJWTAiK/YPE="
    },
    "i18n-helper": {
      "version": "1.2.0",
      "resolved": "http://registry.npm.taobao.org/i18n-helper/download/i18n-helper-1.2.0.tgz",
      "integrity": "sha1-+j1yfMIqy0AKRvg817i3ReihUh0="
    },
    "iconv-lite": {
      "version": "0.4.22",
      "resolved": "http://registry.npm.taobao.org/iconv-lite/download/iconv-lite-0.4.22.tgz",
      "integrity": "sha1-xrFrnQW8bDB9yTA6ggQSmV0u6pU=",
      "requires": {
        "safer-buffer": "2.1.2"
      }
    },
    "immediate": {
      "version": "3.0.6",
      "resolved": "http://registry.npm.taobao.org/immediate/download/immediate-3.0.6.tgz",
      "integrity": "sha1-nbHb0Pr43m++D13V5Wu2BigN5ps="
    },
    "invariant": {
      "version": "2.2.4",
      "resolved": "http://registry.npm.taobao.org/invariant/download/invariant-2.2.4.tgz",
      "integrity": "sha1-YQ88ksk1nOHbYW5TgAjSP/NRWOY=",
      "requires": {
        "loose-envify": "1.3.1"
      }
    },
    "is-stream": {
      "version": "1.1.0",
      "resolved": "http://registry.npm.taobao.org/is-stream/download/is-stream-1.1.0.tgz",
      "integrity": "sha1-EtSj3U5o4Lec6428hBc66A2RykQ="
    },
    "isomorphic-fetch": {
      "version": "2.2.1",
      "resolved": "http://registry.npm.taobao.org/isomorphic-fetch/download/isomorphic-fetch-2.2.1.tgz",
      "integrity": "sha1-YRrhrPFPXoH3KVB0coGf6XM1WKk=",
      "requires": {
        "node-fetch": "1.7.3",
        "whatwg-fetch": "2.0.4"
      }
    },
    "js-tokens": {
      "version": "3.0.2",
      "resolved": "http://registry.npm.taobao.org/js-tokens/download/js-tokens-3.0.2.tgz",
      "integrity": "sha1-mGbfOVECEw449/mWvOtlRDIJwls="
    },
    "lie": {
      "version": "3.3.0",
      "resolved": "http://registry.npm.taobao.org/lie/download/lie-3.3.0.tgz",
      "integrity": "sha1-3Pgt7lRfRgdNryAMfBxaCOD0D2o=",
      "requires": {
        "immediate": "3.0.6"
      }
    },
    "lodash": {
      "version": "4.17.10",
      "resolved": "http://registry.npm.taobao.org/lodash/download/lodash-4.17.10.tgz",
      "integrity": "sha1-G3eTz3JZ6jj7NmHU04syYK+K5Oc="
    },
    "lodash._getnative": {
      "version": "3.9.1",
      "resolved": "http://registry.npm.taobao.org/lodash._getnative/download/lodash._getnative-3.9.1.tgz",
      "integrity": "sha1-VwvH3t5G1hzc3mh9ZdPuy6o6r/U="
    },
    "lodash.isarguments": {
      "version": "3.1.0",
      "resolved": "http://registry.npm.taobao.org/lodash.isarguments/download/lodash.isarguments-3.1.0.tgz",
      "integrity": "sha1-L1c9hcaiQon/AGY7SRwdM4/zRYo="
    },
    "lodash.isarray": {
      "version": "3.0.4",
      "resolved": "http://registry.npm.taobao.org/lodash.isarray/download/lodash.isarray-3.0.4.tgz",
      "integrity": "sha1-eeTriMNqgSKvhvhEqpvNhRtfu1U="
    },
    "lodash.keys": {
      "version": "3.1.2",
      "resolved": "http://registry.npm.taobao.org/lodash.keys/download/lodash.keys-3.1.2.tgz",
      "integrity": "sha1-TbwEcrFWvlCgsoaFXRvQsMZWCYo=",
      "requires": {
        "lodash._getnative": "3.9.1",
        "lodash.isarguments": "3.1.0",
        "lodash.isarray": "3.0.4"
      }
    },
    "loose-envify": {
      "version": "1.3.1",
      "resolved": "http://registry.npm.taobao.org/loose-envify/download/loose-envify-1.3.1.tgz",
      "integrity": "sha1-0aitM/qc4OcT1l/dCsi3SNR4yEg=",
      "requires": {
        "js-tokens": "3.0.2"
      }
    },
    "natty-fetch": {
      "version": "2.5.5",
      "resolved": "http://registry.npm.taobao.org/natty-fetch/download/natty-fetch-2.5.5.tgz",
      "integrity": "sha1-u+aT/eiHbN7dXTe8uOcdjwm+DLg=",
      "requires": {
        "natty-storage": "2.2.0"
      }
    },
    "natty-storage": {
      "version": "2.2.0",
      "resolved": "http://registry.npm.taobao.org/natty-storage/download/natty-storage-2.2.0.tgz",
      "integrity": "sha1-JzmgqgmPhE/TWXRRDJ0OY7DKlj4="
    },
    "node-fetch": {
      "version": "1.7.3",
      "resolved": "http://registry.npm.taobao.org/node-fetch/download/node-fetch-1.7.3.tgz",
      "integrity": "sha1-mA9vcthSEaU0fGsrwYxbhMPrR+8=",
      "requires": {
        "encoding": "0.1.12",
        "is-stream": "1.1.0"
      }
    },
    "object-assign": {
      "version": "4.1.1",
      "resolved": "http://registry.npm.taobao.org/object-assign/download/object-assign-4.1.1.tgz",
      "integrity": "sha1-IQmtx5ZYh8/AXLvUQsrIv7s2CGM="
    },
    "promise": {
      "version": "7.3.1",
      "resolved": "http://registry.npm.taobao.org/promise/download/promise-7.3.1.tgz",
      "integrity": "sha1-BktyYCsY+Q8pGSuLG8QY/9Hr078=",
      "requires": {
        "asap": "2.0.6"
      }
    },
    "prop-types": {
      "version": "15.6.1",
      "resolved": "http://registry.npm.taobao.org/prop-types/download/prop-types-15.6.1.tgz",
      "integrity": "sha1-NmREU1ZCVd3aORGR+zoSXL32VMo=",
      "requires": {
        "fbjs": "0.8.16",
        "loose-envify": "1.3.1",
        "object-assign": "4.1.1"
      }
    },
    "query-string": {
      "version": "4.3.4",
      "resolved": "http://registry.npm.taobao.org/query-string/download/query-string-4.3.4.tgz",
      "integrity": "sha1-u7aTucqRXCMlFbIosaArYJBD2+s=",
      "requires": {
        "object-assign": "4.1.1",
        "strict-uri-encode": "1.1.0"
      }
    },
    "rc-align": {
      "version": "2.3.6",
      "resolved": "http://registry.npm.taobao.org/rc-align/download/rc-align-2.3.6.tgz",
      "integrity": "sha1-NQRtKsJXcbHly9YA6uj4YsRQ+eY=",
      "requires": {
        "babel-runtime": "6.26.0",
        "dom-align": "1.6.7",
        "prop-types": "15.6.1",
        "rc-util": "4.5.0",
        "shallowequal": "1.0.2"
      },
      "dependencies": {
        "shallowequal": {
          "version": "1.0.2",
          "resolved": "http://registry.npm.taobao.org/shallowequal/download/shallowequal-1.0.2.tgz",
          "integrity": "sha1-FWHb3vuMAUCBADGQhXZNo/z4P48="
        }
      }
    },
    "rc-animate": {
      "version": "2.4.4",
      "resolved": "http://registry.npm.taobao.org/rc-animate/download/rc-animate-2.4.4.tgz",
      "integrity": "sha1-oFp4THR77vFA2Z/1K2EXcRvvSx4=",
      "requires": {
        "babel-runtime": "6.26.0",
        "css-animation": "1.4.1",
        "prop-types": "15.6.1"
      }
    },
    "rc-collapse": {
      "version": "1.9.0",
      "resolved": "http://registry.npm.taobao.org/rc-collapse/download/rc-collapse-1.9.0.tgz",
      "integrity": "sha1-JlLgtlhdlbYHcJmKX3fZOfEflr4=",
      "requires": {
        "classnames": "2.2.5",
        "css-animation": "1.4.1",
        "prop-types": "15.6.1",
        "rc-animate": "2.4.4"
      }
    },
    "rc-dialog": {
      "version": "6.5.11",
      "resolved": "http://registry.npm.taobao.org/rc-dialog/download/rc-dialog-6.5.11.tgz",
      "integrity": "sha1-pu9NgaeAGlTpkjJzxgXdUh1/sUI=",
      "requires": {
        "babel-runtime": "6.26.0",
        "create-react-class": "15.6.3",
        "object-assign": "4.1.1",
        "rc-animate": "2.4.4",
        "rc-util": "4.5.0"
      }
    },
    "rc-drawer": {
      "version": "0.4.11",
      "resolved": "http://registry.npm.taobao.org/rc-drawer/download/rc-drawer-0.4.11.tgz",
      "integrity": "sha1-lPquwoGDq5DxNfDf4kTcoUz+55k=",
      "requires": {
        "babel-runtime": "6.26.0",
        "classnames": "2.2.5",
        "prop-types": "15.6.1"
      }
    },
    "rc-hammerjs": {
      "version": "0.6.9",
      "resolved": "http://registry.npm.taobao.org/rc-hammerjs/download/rc-hammerjs-0.6.9.tgz",
      "integrity": "sha1-mk3b2hsuyPm5WWCRpqmJhCokOQc=",
      "requires": {
        "babel-runtime": "6.26.0",
        "hammerjs": "2.0.8",
        "prop-types": "15.6.1"
      }
    },
    "rc-input-number": {
      "version": "3.7.0",
      "resolved": "http://registry.npm.taobao.org/rc-input-number/download/rc-input-number-3.7.0.tgz",
      "integrity": "sha1-J2fjrutscgz36rFD1iNpov81cI0=",
      "requires": {
        "babel-runtime": "6.26.0",
        "classnames": "2.2.5",
        "create-react-class": "15.6.3",
        "prop-types": "15.6.1",
        "rc-touchable": "1.2.3"
      }
    },
    "rc-tabs": {
      "version": "8.1.1",
      "resolved": "http://registry.npm.taobao.org/rc-tabs/download/rc-tabs-8.1.1.tgz",
      "integrity": "sha1-WCN6yoJCfLt7/fMgfptFi9b4pcE=",
      "requires": {
        "babel-runtime": "6.26.0",
        "classnames": "2.2.5",
        "create-react-class": "15.6.3",
        "prop-types": "15.6.1",
        "rc-hammerjs": "0.6.9",
        "warning": "3.0.0"
      }
    },
    "rc-tooltip": {
      "version": "3.7.2",
      "resolved": "http://registry.npm.taobao.org/rc-tooltip/download/rc-tooltip-3.7.2.tgz",
      "integrity": "sha1-NphlbUus1Rty2eMnvtFdHVqfGyc=",
      "requires": {
        "babel-runtime": "6.26.0",
        "prop-types": "15.6.1",
        "rc-trigger": "2.3.4"
      }
    },
    "rc-touchable": {
      "version": "1.2.3",
      "resolved": "http://registry.npm.taobao.org/rc-touchable/download/rc-touchable-1.2.3.tgz",
      "integrity": "sha1-X0mDJOPQubpgGpxINJWOqixxNhg=",
      "requires": {
        "babel-runtime": "6.26.0"
      }
    },
    "rc-trigger": {
      "version": "2.3.4",
      "resolved": "http://registry.npm.taobao.org/rc-trigger/download/rc-trigger-2.3.4.tgz",
      "integrity": "sha1-OJ36XoNOzDpEb+nO/AtKMpAPQic=",
      "requires": {
        "babel-runtime": "6.26.0",
        "prop-types": "15.6.1",
        "rc-align": "2.3.6",
        "rc-animate": "2.4.4",
        "rc-util": "4.5.0"
      }
    },
    "rc-util": {
      "version": "4.5.0",
      "resolved": "http://registry.npm.taobao.org/rc-util/download/rc-util-4.5.0.tgz",
      "integrity": "sha1-MYPm7IBvOC77LT6Fdw2Vh1+mGA8=",
      "requires": {
        "add-dom-event-listener": "1.0.2",
        "babel-runtime": "6.26.0",
        "prop-types": "15.6.1",
        "shallowequal": "0.2.2"
      }
    },
    "react-keeper": {
      "version": "2.1.7",
      "resolved": "http://registry.npm.taobao.org/react-keeper/download/react-keeper-2.1.7.tgz",
      "integrity": "sha1-6Sb5vEcovacmhAL3m7HTiLzRqrA=",
      "requires": {
        "create-react-class": "15.6.3",
        "prop-types": "15.6.1",
        "vhistory": "1.0.1"
      }
    },
    "react-mixin": {
      "version": "1.7.0",
      "resolved": "http://registry.npm.taobao.org/react-mixin/download/react-mixin-1.7.0.tgz",
      "integrity": "sha1-OMIsPrAgZPCPLCWHimDaw+lW9Ew=",
      "requires": {
        "object-assign": "2.1.1",
        "smart-mixin": "1.2.1"
      },
      "dependencies": {
        "object-assign": {
          "version": "2.1.1",
          "resolved": "http://registry.npm.taobao.org/object-assign/download/object-assign-2.1.1.tgz",
          "integrity": "sha1-Q8NuXVaf+OSBbE76i+AtJpZ8GKo="
        }
      }
    },
    "regenerator-runtime": {
      "version": "0.10.5",
      "resolved": "http://registry.npm.taobao.org/regenerator-runtime/download/regenerator-runtime-0.10.5.tgz",
      "integrity": "sha1-M2w+/BIgrc7dosn6tntaeVWjNlg="
    },
    "safer-buffer": {
      "version": "2.1.2",
      "resolved": "http://registry.npm.taobao.org/safer-buffer/download/safer-buffer-2.1.2.tgz",
      "integrity": "sha1-RPoWGwGHuVSd2Eu5GAL5vYOFzWo="
    },
    "salt-icon": {
      "version": "3.6.1",
      "resolved": "http://registry.npm.taobao.org/salt-icon/download/salt-icon-3.6.1.tgz",
      "integrity": "sha1-xPVURX30upblBQpIMnpFdAw2w0Q=",
      "requires": {
        "classnames": "2.2.5",
        "prop-types": "15.6.1",
        "svg4everybody": "2.1.9"
      }
    },
    "saltui": {
      "version": "3.8.30",
      "resolved": "http://registry.npm.taobao.org/saltui/download/saltui-3.8.30.tgz",
      "integrity": "sha1-heSMylMP/jDYGBIqind4m6O/jAA=",
      "requires": {
        "hammerjs": "2.0.8",
        "lie": "3.3.0",
        "lodash": "4.17.10",
        "natty-fetch": "2.5.5",
        "prop-types": "15.6.1",
        "rc-collapse": "1.9.0",
        "rc-dialog": "6.5.11",
        "rc-drawer": "0.4.11",
        "rc-input-number": "3.7.0",
        "rc-tabs": "8.1.1",
        "rc-tooltip": "3.7.2",
        "salt-icon": "3.6.1",
        "uploadcore": "2.3.1",
        "uxcore-formatter": "0.1.10"
      }
    },
    "setimmediate": {
      "version": "1.0.5",
      "resolved": "http://registry.npm.taobao.org/setimmediate/download/setimmediate-1.0.5.tgz",
      "integrity": "sha1-KQy7Iy4waULX1+qbg3Mqt4VvgoU="
    },
    "shallowequal": {
      "version": "0.2.2",
      "resolved": "http://registry.npm.taobao.org/shallowequal/download/shallowequal-0.2.2.tgz",
      "integrity": "sha1-HjL9W8q2rWiKSBLLDMBO/HXHAU4=",
      "requires": {
        "lodash.keys": "3.1.2"
      }
    },
    "smart-mixin": {
      "version": "1.2.1",
      "resolved": "http://registry.npm.taobao.org/smart-mixin/download/smart-mixin-1.2.1.tgz",
      "integrity": "sha1-EaKz5GKN/uFqyctR7dMBviG+FFI="
    },
    "strict-uri-encode": {
      "version": "1.1.0",
      "resolved": "http://registry.npm.taobao.org/strict-uri-encode/download/strict-uri-encode-1.1.0.tgz",
      "integrity": "sha1-J5siXfHVgrH1TmWt3UNS4Y+qBxM="
    },
    "svg4everybody": {
      "version": "2.1.9",
      "resolved": "http://registry.npm.taobao.org/svg4everybody/download/svg4everybody-2.1.9.tgz",
      "integrity": "sha1-W9n23vwTOFmgRGRtR0P6vCjbfi0="
    },
    "ua-parser-js": {
      "version": "0.7.18",
      "resolved": "http://registry.npm.taobao.org/ua-parser-js/download/ua-parser-js-0.7.18.tgz",
      "integrity": "sha1-p7/ZL1bt+xFwg7aeMdKqiILUse0="
    },
    "uploadcore": {
      "version": "2.3.1",
      "resolved": "http://registry.npm.taobao.org/uploadcore/download/uploadcore-2.3.1.tgz",
      "integrity": "sha1-pkILrUqYeL7NLjcazrRpFBd19OU="
    },
    "uxcore-formatter": {
      "version": "0.1.10",
      "resolved": "http://registry.npm.taobao.org/uxcore-formatter/download/uxcore-formatter-0.1.10.tgz",
      "integrity": "sha1-J+V19uhc9f+2GROHeYZla33NivQ=",
      "requires": {
        "big.js": "5.0.3",
        "object-assign": "2.1.1",
        "prop-types": "15.6.1"
      },
      "dependencies": {
        "object-assign": {
          "version": "2.1.1",
          "resolved": "http://registry.npm.taobao.org/object-assign/download/object-assign-2.1.1.tgz",
          "integrity": "sha1-Q8NuXVaf+OSBbE76i+AtJpZ8GKo="
        }
      }
    },
    "vhistory": {
      "version": "1.0.1",
      "resolved": "http://registry.npm.taobao.org/vhistory/download/vhistory-1.0.1.tgz",
      "integrity": "sha1-c/GJJFy9rYZp3aMj+5rivOTyPj0=",
      "requires": {
        "invariant": "2.2.4",
        "loose-envify": "1.3.1",
        "query-string": "4.3.4",
        "warning": "3.0.0"
      }
    },
    "warning": {
      "version": "3.0.0",
      "resolved": "http://registry.npm.taobao.org/warning/download/warning-3.0.0.tgz",
      "integrity": "sha1-MuU3fLVy3kqwR1O9+IIcAe1gW3w=",
      "requires": {
        "loose-envify": "1.3.1"
      }
    },
    "whatwg-fetch": {
      "version": "2.0.4",
      "resolved": "http://registry.npm.taobao.org/whatwg-fetch/download/whatwg-fetch-2.0.4.tgz",
      "integrity": "sha1-3eal3zFfnTmZGqF2IYU9cguFVm8="
    }
  }
}
